
Microsoft Visual Studio Solution File, Format Version 12.00
# Visual Studio 15
VisualStudioVersion = 15.0.27703.2035
MinimumVisualStudioVersion = 10.0.40219.1
Project("{9A19103F-16F7-4668-BE54-9A1E7A4F7556}") = "Vostok.ClusterClient.Transport.Webrequest", "Vostok.ClusterClient.Transport.Webrequest\Vostok.ClusterClient.Transport.Webrequest.csproj", "{466119F0-983A-4142-A87C-35B5255C0D2B}"
EndProject
Project("{9A19103F-16F7-4668-BE54-9A1E7A4F7556}") = "Vostok.ClusterClient.Transport.Webrequest.Tests", "Vostok.ClusterClient.Transport.Webrequest.Tests\Vostok.ClusterClient.Transport.Webrequest.Tests.csproj", "{CDE9B485-0D70-4028-9D8A-92634256CE3F}"
EndProject
Project("{FAE04EC0-301F-11D3-BF4B-00C04F79EFBC}") = "Vostok.ClusterClient.Transport.Tests.Shared", "..\vostok.clusterclient.transport.tests\Vostok.ClusterClient.Transport.Tests.Shared\Vostok.ClusterClient.Transport.Tests.Shared.csproj", "{F870CD02-1DBF-46E6-B74A-406F5B6D287B}"
EndProject
Global
	GlobalSection(SolutionConfigurationPlatforms) = preSolution
		Debug|Any CPU = Debug|Any CPU
		NoTests|Any CPU = NoTests|Any CPU
		Release|Any CPU = Release|Any CPU
	EndGlobalSection
	GlobalSection(ProjectConfigurationPlatforms) = postSolution
		{466119F0-983A-4142-A87C-35B5255C0D2B}.Debug|Any CPU.ActiveCfg = Debug|Any CPU
		{466119F0-983A-4142-A87C-35B5255C0D2B}.Debug|Any CPU.Build.0 = Debug|Any CPU
		{466119F0-983A-4142-A87C-35B5255C0D2B}.NoTests|Any CPU.ActiveCfg = Release|Any CPU
		{466119F0-983A-4142-A87C-35B5255C0D2B}.NoTests|Any CPU.Build.0 = Release|Any CPU
		{466119F0-983A-4142-A87C-35B5255C0D2B}.Release|Any CPU.ActiveCfg = Release|Any CPU
		{466119F0-983A-4142-A87C-35B5255C0D2B}.Release|Any CPU.Build.0 = Release|Any CPU
		{CDE9B485-0D70-4028-9D8A-92634256CE3F}.Debug|Any CPU.ActiveCfg = Debug|Any CPU
		{CDE9B485-0D70-4028-9D8A-92634256CE3F}.Debug|Any CPU.Build.0 = Debug|Any CPU
		{CDE9B485-0D70-4028-9D8A-92634256CE3F}.NoTests|Any CPU.ActiveCfg = Release|Any CPU
		{CDE9B485-0D70-4028-9D8A-92634256CE3F}.Release|Any CPU.ActiveCfg = Release|Any CPU
		{CDE9B485-0D70-4028-9D8A-92634256CE3F}.Release|Any CPU.Build.0 = Release|Any CPU
		{F870CD02-1DBF-46E6-B74A-406F5B6D287B}.Debug|Any CPU.ActiveCfg = Debug|Any CPU
		{F870CD02-1DBF-46E6-B74A-406F5B6D287B}.Debug|Any CPU.Build.0 = Debug|Any CPU
		{F870CD02-1DBF-46E6-B74A-406F5B6D287B}.NoTests|Any CPU.ActiveCfg = Debug|Any CPU
		{F870CD02-1DBF-46E6-B74A-406F5B6D287B}.NoTests|Any CPU.Build.0 = Debug|Any CPU
		{F870CD02-1DBF-46E6-B74A-406F5B6D287B}.Release|Any CPU.ActiveCfg = Release|Any CPU
		{F870CD02-1DBF-46E6-B74A-406F5B6D287B}.Release|Any CPU.Build.0 = Release|Any CPU
	EndGlobalSection
	GlobalSection(SolutionProperties) = preSolution
		HideSolutionNode = FALSE
	EndGlobalSection
	GlobalSection(ExtensibilityGlobals) = postSolution
		SolutionGuid = {B98E4EA5-D032-453F-B167-D9D504284958}
	EndGlobalSection
EndGlobal
